{
  "originHash" : "4e34d71b96d6e7cb847ae19f32a02efebae26626893ca02e93fd27f3657c44b1",
  "pins" : [
    {
      "identity" : "convex-swift",
      "kind" : "remoteSourceControl",
      "location" : "https://github.com/get-convex/convex-swift",
      "state" : {
        "revision" : "125b71b2f8725931a5b0e8252f0799ef2adad120",
        "version" : "0.8.1"
      }
    },
    {
      "identity" : "swift-concurrency-extras",
      "kind" : "remoteSourceControl",
      "location" : "https://github.com/pointfreeco/swift-concurrency-extras",
      "state" : {
        "revision" : "5fa253428866f2360c3754e88537f700ed2656b5",
        "version" : "1.4.1"
      }
    },
    {
      "identity" : "swiftmath",
      "kind" : "remoteSourceControl",
      "location" : "https://github.com/mgriebling/SwiftMath",
      "state" : {
        "revision" : "fa8244ed032f4a1ade4cb0571bf87d2f1a9fd2d7",
        "version" : "1.7.3"
      }
    },
    {
      "identity" : "swiftui-math",
      "kind" : "remoteSourceControl",
      "location" : "https://github.com/gonzalezreal/swiftui-math",
      "state" : {
        "revision" : "0b5c2cfaaec8d6193db206f675048eeb5ce95f71",
        "version" : "0.1.0"
      }
    },
    {
      "identity" : "textual",
      "kind" : "remoteSourceControl",
      "location" : "https://github.com/tinfoilsh/textual",
      "state" : {
        "branch" : "main",
        "revision" : "5b20cd9fc3a06a326cf97fd3c5b8a1dfa3ca2c38"
      }
    }
  ],
  "version" : 3
}
